
Microsoft Visual Studio Solution File, Format Version 12.00
# Visual Studio Version 16
VisualStudioVersion = 16.0.29911.84
MinimumVisualStudioVersion = 10.0.40219.1
Project("{FAE04EC0-301F-11D3-BF4B-00C04F79EFBC}") = "MenuMasterLibrary", "MenuMaster\MenuMasterLibrary.csproj", "{D0246A75-EEA5-46AB-A67A-687B0787CC3E}"
EndProject
Project("{FAE04EC0-301F-11D3-BF4B-00C04F79EFBC}") = "ConsoleUI", "ConsoleUI\ConsoleUI.csproj", "{D264C87B-20DB-41B1-9857-B130E1891310}"
EndProject
Global
	GlobalSection(SolutionConfigurationPlatforms) = preSolution
		Debug|Any CPU = Debug|Any CPU
		Release|Any CPU = Release|Any CPU
	EndGlobalSection
	GlobalSection(ProjectConfigurationPlatforms) = postSolution
		{D0246A75-EEA5-46AB-A67A-687B0787CC3E}.Debug|Any CPU.ActiveCfg = Debug|Any CPU
		{D0246A75-EEA5-46AB-A67A-687B0787CC3E}.Debug|Any CPU.Build.0 = Debug|Any CPU
		{D0246A75-EEA5-46AB-A67A-687B0787CC3E}.Release|Any CPU.ActiveCfg = Release|Any CPU
		{D0246A75-EEA5-46AB-A67A-687B0787CC3E}.Release|Any CPU.Build.0 = Release|Any CPU
		{D264C87B-20DB-41B1-9857-B130E1891310}.Debug|Any CPU.ActiveCfg = Debug|Any CPU
		{D264C87B-20DB-41B1-9857-B130E1891310}.Debug|Any CPU.Build.0 = Debug|Any CPU
		{D264C87B-20DB-41B1-9857-B130E1891310}.Release|Any CPU.ActiveCfg = Release|Any CPU
		{D264C87B-20DB-41B1-9857-B130E1891310}.Release|Any CPU.Build.0 = Release|Any CPU
	EndGlobalSection
	GlobalSection(SolutionProperties) = preSolution
		HideSolutionNode = FALSE
	EndGlobalSection
	GlobalSection(ExtensibilityGlobals) = postSolution
		SolutionGuid = {512A0226-2A89-4E83-967E-460D9B6B8E8A}
	EndGlobalSection
EndGlobal
